
Microsoft Visual Studio Solution File, Format Version 12.00
# Visual Studio Version 16
VisualStudioVersion = 16.0.30413.136
MinimumVisualStudioVersion = 10.0.40219.1
Project("{FAE04EC0-301F-11D3-BF4B-00C04F79EFBC}") = "TussentijdsProjectYannick", "TussentijdsProjectYannick\TussentijdsProjectYannick.csproj", "{46C466F1-7494-47E5-8879-A17E662871EA}"
EndProject
Project("{FAE04EC0-301F-11D3-BF4B-00C04F79EFBC}") = "TussentijdsProjectYannickOverzicht", "..\..\12-10-2020 tot 30-10-2020 Tussentijds Project\TussentijdsProjectYannickOverzicht\TussentijdsProjectYannickOverzicht\TussentijdsProjectYannickOverzicht.csproj", "{0F829E0D-31CC-439E-935E-B6085226AD51}"
EndProject
Global
	GlobalSection(SolutionConfigurationPlatforms) = preSolution
		Debug|Any CPU = Debug|Any CPU
		Release|Any CPU = Release|Any CPU
	EndGlobalSection
	GlobalSection(ProjectConfigurationPlatforms) = postSolution
		{46C466F1-7494-47E5-8879-A17E662871EA}.Debug|Any CPU.ActiveCfg = Debug|Any CPU
		{46C466F1-7494-47E5-8879-A17E662871EA}.Debug|Any CPU.Build.0 = Debug|Any CPU
		{46C466F1-7494-47E5-8879-A17E662871EA}.Release|Any CPU.ActiveCfg = Release|Any CPU
		{46C466F1-7494-47E5-8879-A17E662871EA}.Release|Any CPU.Build.0 = Release|Any CPU
		{0F829E0D-31CC-439E-935E-B6085226AD51}.Debug|Any CPU.ActiveCfg = Debug|Any CPU
		{0F829E0D-31CC-439E-935E-B6085226AD51}.Debug|Any CPU.Build.0 = Debug|Any CPU
		{0F829E0D-31CC-439E-935E-B6085226AD51}.Release|Any CPU.ActiveCfg = Release|Any CPU
		{0F829E0D-31CC-439E-935E-B6085226AD51}.Release|Any CPU.Build.0 = Release|Any CPU
	EndGlobalSection
	GlobalSection(SolutionProperties) = preSolution
		HideSolutionNode = FALSE
	EndGlobalSection
	GlobalSection(ExtensibilityGlobals) = postSolution
		SolutionGuid = {AC3D0C50-8FB5-4DB8-BEE1-AABAB86C39EE}
	EndGlobalSection
EndGlobal
